
Microsoft Visual Studio Solution File, Format Version 12.00
# Visual Studio Version 17
VisualStudioVersion = 17.3.32819.101
MinimumVisualStudioVersion = 10.0.40219.1
Project("{FAE04EC0-301F-11D3-BF4B-00C04F79EFBC}") = "TestLib2", "TestLib2\TestLib2.csproj", "{DFED0C00-C721-4F1A-82F3-3DB323FC40F5}"
EndProject
Global
	GlobalSection(SolutionConfigurationPlatforms) = preSolution
		Debug|Any CPU = Debug|Any CPU
		Release|Any CPU = Release|Any CPU
	EndGlobalSection
	GlobalSection(ProjectConfigurationPlatforms) = postSolution
		{DFED0C00-C721-4F1A-82F3-3DB323FC40F5}.Debug|Any CPU.ActiveCfg = Debug|Any CPU
		{DFED0C00-C721-4F1A-82F3-3DB323FC40F5}.Debug|Any CPU.Build.0 = Debug|Any CPU
		{DFED0C00-C721-4F1A-82F3-3DB323FC40F5}.Release|Any CPU.ActiveCfg = Release|Any CPU
		{DFED0C00-C721-4F1A-82F3-3DB323FC40F5}.Release|Any CPU.Build.0 = Release|Any CPU
	EndGlobalSection
	GlobalSection(SolutionProperties) = preSolution
		HideSolutionNode = FALSE
	EndGlobalSection
	GlobalSection(ExtensibilityGlobals) = postSolution
		SolutionGuid = {5179242B-0EF9-4479-8FB1-27F69AE33B7B}
	EndGlobalSection
EndGlobal
